
Microsoft Visual Studio Solution File, Format Version 12.00
# Visual Studio Version 17
VisualStudioVersion = 17.5.002.0
MinimumVisualStudioVersion = 10.0.40219.1
Project("{9A19103F-16F7-4668-BE54-9A1E7A4F7556}") = "Lesson 2", "Lesson 2.csproj", "{BC3FF1FB-4553-4733-B6E7-45596993AA3E}"
EndProject
Global
	GlobalSection(SolutionConfigurationPlatforms) = preSolution
		Debug|Any CPU = Debug|Any CPU
		Release|Any CPU = Release|Any CPU
	EndGlobalSection
	GlobalSection(ProjectConfigurationPlatforms) = postSolution
		{BC3FF1FB-4553-4733-B6E7-45596993AA3E}.Debug|Any CPU.ActiveCfg = Debug|Any CPU
		{BC3FF1FB-4553-4733-B6E7-45596993AA3E}.Debug|Any CPU.Build.0 = Debug|Any CPU
		{BC3FF1FB-4553-4733-B6E7-45596993AA3E}.Release|Any CPU.ActiveCfg = Release|Any CPU
		{BC3FF1FB-4553-4733-B6E7-45596993AA3E}.Release|Any CPU.Build.0 = Release|Any CPU
	EndGlobalSection
	GlobalSection(SolutionProperties) = preSolution
		HideSolutionNode = FALSE
	EndGlobalSection
	GlobalSection(ExtensibilityGlobals) = postSolution
		SolutionGuid = {3BD29269-4B14-4ADF-8136-0BEE61B2FDA1}
	EndGlobalSection
EndGlobal
